<?xml version="1.0" encoding="UTF-8" standalone="yes" ?>
<CodeBlocks_project_file>
	<FileVersion major="1" minor="6" />
	<Project>
		<Option title="UI" />
		<Option pch_mode="2" />
		<Option compiler="gcc" />
		<Build>
			<Target title="Debug">
				<Option output="bin/Debug/UI" prefix_auto="1" extension_auto="1" />
				<Option object_output="obj/Debug/" />
				<Option type="1" />
				<Option compiler="gcc" />
				<Compiler>
					<Add option="-g" />
				</Compiler>
			</Target>
			<Target title="Release">
				<Option output="bin/Release/UI" prefix_auto="1" extension_auto="1" />
				<Option object_output="obj/Release/" />
				<Option type="1" />
				<Option compiler="gcc" />
				<Compiler>
					<Add option="-O2" />
				</Compiler>
				<Linker>
					<Add option="-s" />
				</Linker>
			</Target>
		</Build>
		<Compiler>
			<Add option="-Wall" />
			<Add option="-fexceptions" />
		</Compiler>
		<Unit filename="../BigInteger/BigInteger.h" />
		<Unit filename="../BigInteger/__BigNatural.cpp" />
		<Unit filename="../BigInteger/__BigNatural.h" />
		<Unit filename="../BigInteger/assigment_arithmetics_impl.cpp" />
		<Unit filename="../BigInteger/base_methods_impl.cpp" />
		<Unit filename="../BigInteger/binary_arithmetic_impl.cpp" />
		<Unit filename="../BigInteger/increment_decrement_impl.cpp" />
		<Unit filename="../BigInteger/iostream_impl.cpp" />
		<Unit filename="../BigInteger/logical_operators_impl.cpp" />
		<Unit filename="../BigInteger/standart_functions.h" />
		<Unit filename="main.cpp" />
		<Extensions>
			<code_completion />
			<envvars />
			<debugger />
			<lib_finder disable_auto="1" />
		</Extensions>
	</Project>
</CodeBlocks_project_file>
